
Microsoft Visual Studio Solution File, Format Version 12.00
# Visual Studio Version 17
VisualStudioVersion = 17.6.33723.286
MinimumVisualStudioVersion = 10.0.40219.1
Project("{FAE04EC0-301F-11D3-BF4B-00C04F79EFBC}") = "LastDayWhereYouCanStillCross", "LastDayWhereYouCanStillCross.csproj", "{BA91BF17-2A6F-43D6-89E9-6A78B41D6D70}"
EndProject
Global
	GlobalSection(SolutionConfigurationPlatforms) = preSolution
		Debug|Any CPU = Debug|Any CPU
		Release|Any CPU = Release|Any CPU
	EndGlobalSection
	GlobalSection(ProjectConfigurationPlatforms) = postSolution
		{BA91BF17-2A6F-43D6-89E9-6A78B41D6D70}.Debug|Any CPU.ActiveCfg = Debug|Any CPU
		{BA91BF17-2A6F-43D6-89E9-6A78B41D6D70}.Debug|Any CPU.Build.0 = Debug|Any CPU
		{BA91BF17-2A6F-43D6-89E9-6A78B41D6D70}.Release|Any CPU.ActiveCfg = Release|Any CPU
		{BA91BF17-2A6F-43D6-89E9-6A78B41D6D70}.Release|Any CPU.Build.0 = Release|Any CPU
	EndGlobalSection
	GlobalSection(SolutionProperties) = preSolution
		HideSolutionNode = FALSE
	EndGlobalSection
	GlobalSection(ExtensibilityGlobals) = postSolution
		SolutionGuid = {4DE4C37A-1432-4136-BABB-2209D09AB5D4}
	EndGlobalSection
EndGlobal
